
Microsoft Visual Studio Solution File, Format Version 12.00
# Visual Studio Version 17
VisualStudioVersion = 17.11.35312.102
MinimumVisualStudioVersion = 10.0.40219.1
Project("{FAE04EC0-301F-11D3-BF4B-00C04F79EFBC}") = "DogAPIFact", "DogAPIFact\DogAPIFact.csproj", "{60A8A868-D1EF-4DAD-88B1-1C37E5293909}"
EndProject
Global
	GlobalSection(SolutionConfigurationPlatforms) = preSolution
		Debug|Any CPU = Debug|Any CPU
		Release|Any CPU = Release|Any CPU
	EndGlobalSection
	GlobalSection(ProjectConfigurationPlatforms) = postSolution
		{60A8A868-D1EF-4DAD-88B1-1C37E5293909}.Debug|Any CPU.ActiveCfg = Debug|Any CPU
		{60A8A868-D1EF-4DAD-88B1-1C37E5293909}.Debug|Any CPU.Build.0 = Debug|Any CPU
		{60A8A868-D1EF-4DAD-88B1-1C37E5293909}.Release|Any CPU.ActiveCfg = Release|Any CPU
		{60A8A868-D1EF-4DAD-88B1-1C37E5293909}.Release|Any CPU.Build.0 = Release|Any CPU
	EndGlobalSection
	GlobalSection(SolutionProperties) = preSolution
		HideSolutionNode = FALSE
	EndGlobalSection
	GlobalSection(ExtensibilityGlobals) = postSolution
		SolutionGuid = {2FEA28A6-1F19-4FCE-9FFB-96FF51486D8C}
	EndGlobalSection
EndGlobal
